
Microsoft Visual Studio Solution File, Format Version 12.00
# Visual Studio 2012
Project("{FAE04EC0-301F-11D3-BF4B-00C04F79EFBC}") = "SignalR", "SignalRDemo.Server\SignalR.csproj", "{33F261EC-4B7C-47D7-BD62-D4B7D8D12C0C}"
EndProject
Global
	GlobalSection(SolutionConfigurationPlatforms) = preSolution
		Debug|Any CPU = Debug|Any CPU
		Release|Any CPU = Release|Any CPU
	EndGlobalSection
	GlobalSection(ProjectConfigurationPlatforms) = postSolution
		{33F261EC-4B7C-47D7-BD62-D4B7D8D12C0C}.Debug|Any CPU.ActiveCfg = Debug|Any CPU
		{33F261EC-4B7C-47D7-BD62-D4B7D8D12C0C}.Debug|Any CPU.Build.0 = Debug|Any CPU
		{33F261EC-4B7C-47D7-BD62-D4B7D8D12C0C}.Release|Any CPU.ActiveCfg = Release|Any CPU
		{33F261EC-4B7C-47D7-BD62-D4B7D8D12C0C}.Release|Any CPU.Build.0 = Release|Any CPU
	EndGlobalSection
	GlobalSection(SolutionProperties) = preSolution
		HideSolutionNode = FALSE
	EndGlobalSection
EndGlobal
